
Microsoft Visual Studio Solution File, Format Version 12.00
# Visual Studio Version 17
VisualStudioVersion = 17.5.002.0
MinimumVisualStudioVersion = 10.0.40219.1
Project("{9A19103F-16F7-4668-BE54-9A1E7A4F7556}") = "copilotext", "copilotext.csproj", "{D2A6089F-D191-4CD6-B6CD-004E35295233}"
EndProject
Global
	GlobalSection(SolutionConfigurationPlatforms) = preSolution
		Debug|Any CPU = Debug|Any CPU
		Release|Any CPU = Release|Any CPU
	EndGlobalSection
	GlobalSection(ProjectConfigurationPlatforms) = postSolution
		{D2A6089F-D191-4CD6-B6CD-004E35295233}.Debug|Any CPU.ActiveCfg = Debug|Any CPU
		{D2A6089F-D191-4CD6-B6CD-004E35295233}.Debug|Any CPU.Build.0 = Debug|Any CPU
		{D2A6089F-D191-4CD6-B6CD-004E35295233}.Release|Any CPU.ActiveCfg = Release|Any CPU
		{D2A6089F-D191-4CD6-B6CD-004E35295233}.Release|Any CPU.Build.0 = Release|Any CPU
	EndGlobalSection
	GlobalSection(SolutionProperties) = preSolution
		HideSolutionNode = FALSE
	EndGlobalSection
	GlobalSection(ExtensibilityGlobals) = postSolution
		SolutionGuid = {2AC99830-13C5-4A24-82E9-03B750C071D7}
	EndGlobalSection
EndGlobal
